
Microsoft Visual Studio Solution File, Format Version 12.00
# Visual Studio Version 16
VisualStudioVersion = 16.0.34407.143
MinimumVisualStudioVersion = 10.0.40219.1
Project("{FAE04EC0-301F-11D3-BF4B-00C04F79EFBC}") = "ProyectoRentaCar", "ProyectoRentaCar.csproj", "{68181205-403B-46A6-BCCC-F6BDC392E7FC}"
EndProject
Global
	GlobalSection(SolutionConfigurationPlatforms) = preSolution
		Debug|Any CPU = Debug|Any CPU
		Release|Any CPU = Release|Any CPU
	EndGlobalSection
	GlobalSection(ProjectConfigurationPlatforms) = postSolution
		{68181205-403B-46A6-BCCC-F6BDC392E7FC}.Debug|Any CPU.ActiveCfg = Debug|Any CPU
		{68181205-403B-46A6-BCCC-F6BDC392E7FC}.Debug|Any CPU.Build.0 = Debug|Any CPU
		{68181205-403B-46A6-BCCC-F6BDC392E7FC}.Release|Any CPU.ActiveCfg = Release|Any CPU
		{68181205-403B-46A6-BCCC-F6BDC392E7FC}.Release|Any CPU.Build.0 = Release|Any CPU
	EndGlobalSection
	GlobalSection(SolutionProperties) = preSolution
		HideSolutionNode = FALSE
	EndGlobalSection
	GlobalSection(ExtensibilityGlobals) = postSolution
		SolutionGuid = {D8747BC9-00F3-411D-9E19-4BA39BA383A9}
	EndGlobalSection
EndGlobal
